// !$*UTF8*$!
{
	archiveVersion = 1;
	classes = {
	};
	objectVersion = 46;
	objects = {

/* Begin PBXBuildFile section */
		143A87D415CC29B900F9D204 /* FMImageLoader.m in Sources */ = {isa = PBXBuildFile; fileRef = 143A87D315CC29B900F9D204 /* FMImageLoader.m */; };
		143A87D615CC29EA00F9D204 /* main.m in Sources */ = {isa = PBXBuildFile; fileRef = 143A87D515CC29EA00F9D204 /* main.m */; };
		143A87D915CC29FD00F9D204 /* InfoPlist.strings in Resources */ = {isa = PBXBuildFile; fileRef = 143A87D715CC29FD00F9D204 /* InfoPlist.strings */; };
		143A87F015CC2F3900F9D204 /* Default@2x~iphone.png in Resources */ = {isa = PBXBuildFile; fileRef = 143A87EC15CC2F3900F9D204 /* Default@2x~iphone.png */; };
		143A87F115CC2F3900F9D204 /* Default~iphone.png in Resources */ = {isa = PBXBuildFile; fileRef = 143A87ED15CC2F3900F9D204 /* Default~iphone.png */; };
		143A87F215CC2F3900F9D204 /* Icon@2x~iphone.png in Resources */ = {isa = PBXBuildFile; fileRef = 143A87EE15CC2F3900F9D204 /* Icon@2x~iphone.png */; };
		143A87F315CC2F3900F9D204 /* Icon~iphone.png in Resources */ = {isa = PBXBuildFile; fileRef = 143A87EF15CC2F3900F9D204 /* Icon~iphone.png */; };
		144D35A215CB030C002F9C71 /* QuartzCore.framework in Frameworks */ = {isa = PBXBuildFile; fileRef = 144D35A115CB030C002F9C71 /* QuartzCore.framework */; };
		14AAD92315CB3B3600CF1424 /* FMCache.m in Sources */ = {isa = PBXBuildFile; fileRef = 14AAD92015CB3B3600CF1424 /* FMCache.m */; };
		14AAD92415CB3B3600CF1424 /* FMImageView.m in Sources */ = {isa = PBXBuildFile; fileRef = 14AAD92215CB3B3600CF1424 /* FMImageView.m */; };
		14AEDE3815CC2832002E6FFE /* AppDelegate.m in Sources */ = {isa = PBXBuildFile; fileRef = 14AEDE2F15CC2832002E6FFE /* AppDelegate.m */; };
		14AEDE3915CC2832002E6FFE /* AppTableViewCell.m in Sources */ = {isa = PBXBuildFile; fileRef = 14AEDE3115CC2832002E6FFE /* AppTableViewCell.m */; };
		14AEDE3A15CC2832002E6FFE /* AppViewController.m in Sources */ = {isa = PBXBuildFile; fileRef = 14AEDE3315CC2832002E6FFE /* AppViewController.m */; };
		14AEDE3C15CC2832002E6FFE /* GoogleService.m in Sources */ = {isa = PBXBuildFile; fileRef = 14AEDE3715CC2832002E6FFE /* GoogleService.m */; };
		14AEDE4615CC285B002E6FFE /* MainStoryboard.storyboard in Resources */ = {isa = PBXBuildFile; fileRef = 14AEDE4415CC285B002E6FFE /* MainStoryboard.storyboard */; };
		14D2116C15CACB4400875834 /* UIKit.framework in Frameworks */ = {isa = PBXBuildFile; fileRef = 14D2116B15CACB4400875834 /* UIKit.framework */; };
		14D2116E15CACB4400875834 /* Foundation.framework in Frameworks */ = {isa = PBXBuildFile; fileRef = 14D2116D15CACB4400875834 /* Foundation.framework */; };
		14D2117015CACB4400875834 /* CoreGraphics.framework in Frameworks */ = {isa = PBXBuildFile; fileRef = 14D2116F15CACB4400875834 /* CoreGraphics.framework */; };
/* End PBXBuildFile section */

/* Begin PBXFileReference section */
		143A87D215CC29B900F9D204 /* FMImageLoader.h */ = {isa = PBXFileReference; fileEncoding = 4; lastKnownFileType = sourcecode.c.h; path = FMImageLoader.h; sourceTree = "<group>"; };
		143A87D315CC29B900F9D204 /* FMImageLoader.m */ = {isa = PBXFileReference; fileEncoding = 4; lastKnownFileType = sourcecode.c.objc; path = FMImageLoader.m; sourceTree = "<group>"; };
		143A87D515CC29EA00F9D204 /* main.m */ = {isa = PBXFileReference; fileEncoding = 4; lastKnownFileType = sourcecode.c.objc; name = main.m; path = FindImages/main.m; sourceTree = SOURCE_ROOT; };
		143A87D815CC29FD00F9D204 /* en */ = {isa = PBXFileReference; lastKnownFileType = text.plist.strings; name = en; path = FindImages/en.lproj/InfoPlist.strings; sourceTree = SOURCE_ROOT; };
		143A87EC15CC2F3900F9D204 /* Default@2x~iphone.png */ = {isa = PBXFileReference; lastKnownFileType = image.png; path = "Default@2x~iphone.png"; sourceTree = "<group>"; };
		143A87ED15CC2F3900F9D204 /* Default~iphone.png */ = {isa = PBXFileReference; lastKnownFileType = image.png; path = "Default~iphone.png"; sourceTree = "<group>"; };
		143A87EE15CC2F3900F9D204 /* Icon@2x~iphone.png */ = {isa = PBXFileReference; lastKnownFileType = image.png; path = "Icon@2x~iphone.png"; sourceTree = "<group>"; };
		143A87EF15CC2F3900F9D204 /* Icon~iphone.png */ = {isa = PBXFileReference; lastKnownFileType = image.png; path = "Icon~iphone.png"; sourceTree = "<group>"; };
		144D35A115CB030C002F9C71 /* QuartzCore.framework */ = {isa = PBXFileReference; lastKnownFileType = wrapper.framework; name = QuartzCore.framework; path = System/Library/Frameworks/QuartzCore.framework; sourceTree = SDKROOT; };
		14AAD91F15CB3B3600CF1424 /* FMCache.h */ = {isa = PBXFileReference; fileEncoding = 4; lastKnownFileType = sourcecode.c.h; path = FMCache.h; sourceTree = "<group>"; };
		14AAD92015CB3B3600CF1424 /* FMCache.m */ = {isa = PBXFileReference; fileEncoding = 4; lastKnownFileType = sourcecode.c.objc; path = FMCache.m; sourceTree = "<group>"; };
		14AAD92115CB3B3600CF1424 /* FMImageView.h */ = {isa = PBXFileReference; fileEncoding = 4; lastKnownFileType = sourcecode.c.h; path = FMImageView.h; sourceTree = "<group>"; };
		14AAD92215CB3B3600CF1424 /* FMImageView.m */ = {isa = PBXFileReference; fileEncoding = 4; lastKnownFileType = sourcecode.c.objc; path = FMImageView.m; sourceTree = "<group>"; };
		14AEDE2E15CC2832002E6FFE /* AppDelegate.h */ = {isa = PBXFileReference; fileEncoding = 4; lastKnownFileType = sourcecode.c.h; name = AppDelegate.h; path = FindImages/AppDelegate.h; sourceTree = SOURCE_ROOT; };
		14AEDE2F15CC2832002E6FFE /* AppDelegate.m */ = {isa = PBXFileReference; fileEncoding = 4; lastKnownFileType = sourcecode.c.objc; name = AppDelegate.m; path = FindImages/AppDelegate.m; sourceTree = SOURCE_ROOT; };
		14AEDE3015CC2832002E6FFE /* AppTableViewCell.h */ = {isa = PBXFileReference; fileEncoding = 4; lastKnownFileType = sourcecode.c.h; name = AppTableViewCell.h; path = FindImages/AppTableViewCell.h; sourceTree = SOURCE_ROOT; };
		14AEDE3115CC2832002E6FFE /* AppTableViewCell.m */ = {isa = PBXFileReference; fileEncoding = 4; lastKnownFileType = sourcecode.c.objc; name = AppTableViewCell.m; path = FindImages/AppTableViewCell.m; sourceTree = SOURCE_ROOT; };
		14AEDE3215CC2832002E6FFE /* AppViewController.h */ = {isa = PBXFileReference; fileEncoding = 4; lastKnownFileType = sourcecode.c.h; name = AppViewController.h; path = FindImages/AppViewController.h; sourceTree = SOURCE_ROOT; };
		14AEDE3315CC2832002E6FFE /* AppViewController.m */ = {isa = PBXFileReference; fileEncoding = 4; lastKnownFileType = sourcecode.c.objc; name = AppViewController.m; path = FindImages/AppViewController.m; sourceTree = SOURCE_ROOT; };
		14AEDE3615CC2832002E6FFE /* GoogleService.h */ = {isa = PBXFileReference; fileEncoding = 4; lastKnownFileType = sourcecode.c.h; name = GoogleService.h; path = FindImages/GoogleService.h; sourceTree = SOURCE_ROOT; };
		14AEDE3715CC2832002E6FFE /* GoogleService.m */ = {isa = PBXFileReference; fileEncoding = 4; lastKnownFileType = sourcecode.c.objc; name = GoogleService.m; path = FindImages/GoogleService.m; sourceTree = SOURCE_ROOT; };
		14AEDE4515CC285B002E6FFE /* en */ = {isa = PBXFileReference; lastKnownFileType = file.storyboard; name = en; path = FindImages/en.lproj/MainStoryboard.storyboard; sourceTree = SOURCE_ROOT; };
		14D2116715CACB4400875834 /* FindImages.app */ = {isa = PBXFileReference; explicitFileType = wrapper.application; includeInIndex = 0; path = FindImages.app; sourceTree = BUILT_PRODUCTS_DIR; };
		14D2116B15CACB4400875834 /* UIKit.framework */ = {isa = PBXFileReference; lastKnownFileType = wrapper.framework; name = UIKit.framework; path = System/Library/Frameworks/UIKit.framework; sourceTree = SDKROOT; };
		14D2116D15CACB4400875834 /* Foundation.framework */ = {isa = PBXFileReference; lastKnownFileType = wrapper.framework; name = Foundation.framework; path = System/Library/Frameworks/Foundation.framework; sourceTree = SDKROOT; };
		14D2116F15CACB4400875834 /* CoreGraphics.framework */ = {isa = PBXFileReference; lastKnownFileType = wrapper.framework; name = CoreGraphics.framework; path = System/Library/Frameworks/CoreGraphics.framework; sourceTree = SDKROOT; };
		14D2117315CACB4400875834 /* FindImages-Info.plist */ = {isa = PBXFileReference; lastKnownFileType = text.plist; name = "FindImages-Info.plist"; path = "FindImages/FindImages-Info.plist"; sourceTree = "<group>"; };
		14D2117915CACB4400875834 /* FindImages-Prefix.pch */ = {isa = PBXFileReference; lastKnownFileType = sourcecode.c.h; name = "FindImages-Prefix.pch"; path = "FindImages/FindImages-Prefix.pch"; sourceTree = "<group>"; };
/* End PBXFileReference section */

/* Begin PBXFrameworksBuildPhase section */
		14D2116415CACB4400875834 /* Frameworks */ = {
			isa = PBXFrameworksBuildPhase;
			buildActionMask = 2147483647;
			files = (
				14D2116C15CACB4400875834 /* UIKit.framework in Frameworks */,
				14D2116E15CACB4400875834 /* Foundation.framework in Frameworks */,
				14D2117015CACB4400875834 /* CoreGraphics.framework in Frameworks */,
				144D35A215CB030C002F9C71 /* QuartzCore.framework in Frameworks */,
			);
			runOnlyForDeploymentPostprocessing = 0;
		};
/* End PBXFrameworksBuildPhase section */

/* Begin PBXGroup section */
		143A87EB15CC2F3900F9D204 /* Images */ = {
			isa = PBXGroup;
			children = (
				143A87EC15CC2F3900F9D204 /* Default@2x~iphone.png */,
				143A87ED15CC2F3900F9D204 /* Default~iphone.png */,
				143A87EE15CC2F3900F9D204 /* Icon@2x~iphone.png */,
				143A87EF15CC2F3900F9D204 /* Icon~iphone.png */,
			);
			name = Images;
			path = FindImages/Images;
			sourceTree = SOURCE_ROOT;
		};
		14AAD91E15CB3B3600CF1424 /* FMCache */ = {
			isa = PBXGroup;
			children = (
				14AAD91F15CB3B3600CF1424 /* FMCache.h */,
				14AAD92015CB3B3600CF1424 /* FMCache.m */,
				143A87D215CC29B900F9D204 /* FMImageLoader.h */,
				143A87D315CC29B900F9D204 /* FMImageLoader.m */,
				14AAD92115CB3B3600CF1424 /* FMImageView.h */,
				14AAD92215CB3B3600CF1424 /* FMImageView.m */,
			);
			name = FMCache;
			path = ../FMCache;
			sourceTree = "<group>";
		};
		14D2115C15CACB4400875834 = {
			isa = PBXGroup;
			children = (
				14AAD91E15CB3B3600CF1424 /* FMCache */,
				14D2117115CACB4400875834 /* FindImages */,
				14D2116A15CACB4400875834 /* Frameworks */,
				14D2116815CACB4400875834 /* Products */,
			);
			sourceTree = "<group>";
		};
		14D2116815CACB4400875834 /* Products */ = {
			isa = PBXGroup;
			children = (
				14D2116715CACB4400875834 /* FindImages.app */,
			);
			name = Products;
			sourceTree = "<group>";
		};
		14D2116A15CACB4400875834 /* Frameworks */ = {
			isa = PBXGroup;
			children = (
				144D35A115CB030C002F9C71 /* QuartzCore.framework */,
				14D2116B15CACB4400875834 /* UIKit.framework */,
				14D2116D15CACB4400875834 /* Foundation.framework */,
				14D2116F15CACB4400875834 /* CoreGraphics.framework */,
			);
			name = Frameworks;
			sourceTree = "<group>";
		};
		14D2117115CACB4400875834 /* FindImages */ = {
			isa = PBXGroup;
			children = (
				14AEDE2E15CC2832002E6FFE /* AppDelegate.h */,
				14AEDE2F15CC2832002E6FFE /* AppDelegate.m */,
				14AEDE3015CC2832002E6FFE /* AppTableViewCell.h */,
				14AEDE3115CC2832002E6FFE /* AppTableViewCell.m */,
				14AEDE3215CC2832002E6FFE /* AppViewController.h */,
				14AEDE3315CC2832002E6FFE /* AppViewController.m */,
				14AEDE3615CC2832002E6FFE /* GoogleService.h */,
				14AEDE3715CC2832002E6FFE /* GoogleService.m */,
				14AEDE4415CC285B002E6FFE /* MainStoryboard.storyboard */,
				143A87EB15CC2F3900F9D204 /* Images */,
				14D2117215CACB4400875834 /* Supporting Files */,
			);
			name = FindImages;
			path = FMCaching;
			sourceTree = "<group>";
		};
		14D2117215CACB4400875834 /* Supporting Files */ = {
			isa = PBXGroup;
			children = (
				14D2117315CACB4400875834 /* FindImages-Info.plist */,
				143A87D715CC29FD00F9D204 /* InfoPlist.strings */,
				143A87D515CC29EA00F9D204 /* main.m */,
				14D2117915CACB4400875834 /* FindImages-Prefix.pch */,
			);
			name = "Supporting Files";
			sourceTree = "<group>";
		};
/* End PBXGroup section */

/* Begin PBXNativeTarget section */
		14D2116615CACB4400875834 /* FindImages */ = {
			isa = PBXNativeTarget;
			buildConfigurationList = 14D2118515CACB4400875834 /* Build configuration list for PBXNativeTarget "FindImages" */;
			buildPhases = (
				14D2116315CACB4400875834 /* Sources */,
				14D2116415CACB4400875834 /* Frameworks */,
				14D2116515CACB4400875834 /* Resources */,
			);
			buildRules = (
			);
			dependencies = (
			);
			name = FindImages;
			productName = FMCaching;
			productReference = 14D2116715CACB4400875834 /* FindImages.app */;
			productType = "com.apple.product-type.application";
		};
/* End PBXNativeTarget section */

/* Begin PBXProject section */
		14D2115E15CACB4400875834 /* Project object */ = {
			isa = PBXProject;
			attributes = {
				LastUpgradeCheck = 0440;
				ORGANIZATIONNAME = "Flubber Media Ltd";
			};
			buildConfigurationList = 14D2116115CACB4400875834 /* Build configuration list for PBXProject "FindImages" */;
			compatibilityVersion = "Xcode 3.2";
			developmentRegion = English;
			hasScannedForEncodings = 0;
			knownRegions = (
				en,
			);
			mainGroup = 14D2115C15CACB4400875834;
			productRefGroup = 14D2116815CACB4400875834 /* Products */;
			projectDirPath = "";
			projectRoot = "";
			targets = (
				14D2116615CACB4400875834 /* FindImages */,
			);
		};
/* End PBXProject section */

/* Begin PBXResourcesBuildPhase section */
		14D2116515CACB4400875834 /* Resources */ = {
			isa = PBXResourcesBuildPhase;
			buildActionMask = 2147483647;
			files = (
				14AEDE4615CC285B002E6FFE /* MainStoryboard.storyboard in Resources */,
				143A87D915CC29FD00F9D204 /* InfoPlist.strings in Resources */,
				143A87F015CC2F3900F9D204 /* Default@2x~iphone.png in Resources */,
				143A87F115CC2F3900F9D204 /* Default~iphone.png in Resources */,
				143A87F215CC2F3900F9D204 /* Icon@2x~iphone.png in Resources */,
				143A87F315CC2F3900F9D204 /* Icon~iphone.png in Resources */,
			);
			runOnlyForDeploymentPostprocessing = 0;
		};
/* End PBXResourcesBuildPhase section */

/* Begin PBXSourcesBuildPhase section */
		14D2116315CACB4400875834 /* Sources */ = {
			isa = PBXSourcesBuildPhase;
			buildActionMask = 2147483647;
			files = (
				14AAD92315CB3B3600CF1424 /* FMCache.m in Sources */,
				14AAD92415CB3B3600CF1424 /* FMImageView.m in Sources */,
				14AEDE3815CC2832002E6FFE /* AppDelegate.m in Sources */,
				14AEDE3915CC2832002E6FFE /* AppTableViewCell.m in Sources */,
				14AEDE3A15CC2832002E6FFE /* AppViewController.m in Sources */,
				14AEDE3C15CC2832002E6FFE /* GoogleService.m in Sources */,
				143A87D415CC29B900F9D204 /* FMImageLoader.m in Sources */,
				143A87D615CC29EA00F9D204 /* main.m in Sources */,
			);
			runOnlyForDeploymentPostprocessing = 0;
		};
/* End PBXSourcesBuildPhase section */

/* Begin PBXVariantGroup section */
		143A87D715CC29FD00F9D204 /* InfoPlist.strings */ = {
			isa = PBXVariantGroup;
			children = (
				143A87D815CC29FD00F9D204 /* en */,
			);
			name = InfoPlist.strings;
			sourceTree = "<group>";
		};
		14AEDE4415CC285B002E6FFE /* MainStoryboard.storyboard */ = {
			isa = PBXVariantGroup;
			children = (
				14AEDE4515CC285B002E6FFE /* en */,
			);
			name = MainStoryboard.storyboard;
			sourceTree = "<group>";
		};
/* End PBXVariantGroup section */

/* Begin XCBuildConfiguration section */
		14D2118315CACB4400875834 /* Debug */ = {
			isa = XCBuildConfiguration;
			buildSettings = {
				ALWAYS_SEARCH_USER_PATHS = NO;
				ARCHS = "$(ARCHS_STANDARD_32_BIT)";
				CLANG_CXX_LANGUAGE_STANDARD = "gnu++0x";
				CLANG_ENABLE_OBJC_ARC = YES;
				CLANG_WARN__DUPLICATE_METHOD_MATCH = YES;
				"CODE_SIGN_IDENTITY[sdk=iphoneos*]" = "iPhone Developer";
				COPY_PHASE_STRIP = NO;
				GCC_C_LANGUAGE_STANDARD = gnu99;
				GCC_DYNAMIC_NO_PIC = NO;
				GCC_OPTIMIZATION_LEVEL = 0;
				GCC_PREPROCESSOR_DEFINITIONS = (
					"DEBUG=1",
					"$(inherited)",
				);
				GCC_SYMBOLS_PRIVATE_EXTERN = NO;
				GCC_VERSION = com.apple.compilers.llvm.clang.1_0;
				GCC_WARN_ABOUT_RETURN_TYPE = YES;
				GCC_WARN_UNINITIALIZED_AUTOS = YES;
				GCC_WARN_UNUSED_VARIABLE = YES;
				IPHONEOS_DEPLOYMENT_TARGET = 5.1;
				SDKROOT = iphoneos;
			};
			name = Debug;
		};
		14D2118415CACB4400875834 /* Release */ = {
			isa = XCBuildConfiguration;
			buildSettings = {
				ALWAYS_SEARCH_USER_PATHS = NO;
				ARCHS = "$(ARCHS_STANDARD_32_BIT)";
				CLANG_CXX_LANGUAGE_STANDARD = "gnu++0x";
				CLANG_ENABLE_OBJC_ARC = YES;
				CLANG_WARN__DUPLICATE_METHOD_MATCH = YES;
				"CODE_SIGN_IDENTITY[sdk=iphoneos*]" = "iPhone Developer";
				COPY_PHASE_STRIP = YES;
				GCC_C_LANGUAGE_STANDARD = gnu99;
				GCC_VERSION = com.apple.compilers.llvm.clang.1_0;
				GCC_WARN_ABOUT_RETURN_TYPE = YES;
				GCC_WARN_UNINITIALIZED_AUTOS = YES;
				GCC_WARN_UNUSED_VARIABLE = YES;
				IPHONEOS_DEPLOYMENT_TARGET = 5.1;
				OTHER_CFLAGS = "-DNS_BLOCK_ASSERTIONS=1";
				SDKROOT = iphoneos;
				VALIDATE_PRODUCT = YES;
			};
			name = Release;
		};
		14D2118615CACB4400875834 /* Debug */ = {
			isa = XCBuildConfiguration;
			buildSettings = {
				GCC_PRECOMPILE_PREFIX_HEADER = YES;
				GCC_PREFIX_HEADER = "FindImages/FindImages-Prefix.pch";
				INFOPLIST_FILE = "FindImages/FindImages-Info.plist";
				PRODUCT_NAME = FindImages;
				WRAPPER_EXTENSION = app;
			};
			name = Debug;
		};
		14D2118715CACB4400875834 /* Release */ = {
			isa = XCBuildConfiguration;
			buildSettings = {
				GCC_PRECOMPILE_PREFIX_HEADER = YES;
				GCC_PREFIX_HEADER = "FindImages/FindImages-Prefix.pch";
				INFOPLIST_FILE = "FindImages/FindImages-Info.plist";
				PRODUCT_NAME = FindImages;
				WRAPPER_EXTENSION = app;
			};
			name = Release;
		};
/* End XCBuildConfiguration section */

/* Begin XCConfigurationList section */
		14D2116115CACB4400875834 /* Build configuration list for PBXProject "FindImages" */ = {
			isa = XCConfigurationList;
			buildConfigurations = (
				14D2118315CACB4400875834 /* Debug */,
				14D2118415CACB4400875834 /* Release */,
			);
			defaultConfigurationIsVisible = 0;
			defaultConfigurationName = Release;
		};
		14D2118515CACB4400875834 /* Build configuration list for PBXNativeTarget "FindImages" */ = {
			isa = XCConfigurationList;
			buildConfigurations = (
				14D2118615CACB4400875834 /* Debug */,
				14D2118715CACB4400875834 /* Release */,
			);
			defaultConfigurationIsVisible = 0;
			defaultConfigurationName = Release;
		};
/* End XCConfigurationList section */
	};
	rootObject = 14D2115E15CACB4400875834 /* Project object */;
}
