// !$*UTF8*$!
{
	archiveVersion = 1;
	classes = {
	};
	objectVersion = 46;
	objects = {

/* Begin PBXBuildFile section */
		143A880215CC301400F9D204 /* Default@2x~iphone.png in Resources */ = {isa = PBXBuildFile; fileRef = 143A87FE15CC301400F9D204 /* Default@2x~iphone.png */; };
		143A880315CC301400F9D204 /* Default~iphone.png in Resources */ = {isa = PBXBuildFile; fileRef = 143A87FF15CC301400F9D204 /* Default~iphone.png */; };
		143A880415CC301400F9D204 /* Icon@2x~iphone.png in Resources */ = {isa = PBXBuildFile; fileRef = 143A880015CC301400F9D204 /* Icon@2x~iphone.png */; };
		143A880515CC301400F9D204 /* Icon~iphone.png in Resources */ = {isa = PBXBuildFile; fileRef = 143A880115CC301400F9D204 /* Icon~iphone.png */; };
		14AAD96815CB49EE00CF1424 /* UIKit.framework in Frameworks */ = {isa = PBXBuildFile; fileRef = 14AAD96715CB49EE00CF1424 /* UIKit.framework */; };
		14AAD96A15CB49EE00CF1424 /* Foundation.framework in Frameworks */ = {isa = PBXBuildFile; fileRef = 14AAD96915CB49EE00CF1424 /* Foundation.framework */; };
		14AAD96C15CB49EE00CF1424 /* CoreGraphics.framework in Frameworks */ = {isa = PBXBuildFile; fileRef = 14AAD96B15CB49EE00CF1424 /* CoreGraphics.framework */; };
		14AAD97215CB49EE00CF1424 /* InfoPlist.strings in Resources */ = {isa = PBXBuildFile; fileRef = 14AAD97015CB49EE00CF1424 /* InfoPlist.strings */; };
		14AAD97415CB49EE00CF1424 /* main.m in Sources */ = {isa = PBXBuildFile; fileRef = 14AAD97315CB49EE00CF1424 /* main.m */; };
		14AAD97815CB49EE00CF1424 /* AppDelegate.m in Sources */ = {isa = PBXBuildFile; fileRef = 14AAD97715CB49EE00CF1424 /* AppDelegate.m */; };
		14AAD97B15CB49EE00CF1424 /* MainStoryboard.storyboard in Resources */ = {isa = PBXBuildFile; fileRef = 14AAD97915CB49EE00CF1424 /* MainStoryboard.storyboard */; };
		14AAD98915CB49FE00CF1424 /* FMCache.m in Sources */ = {isa = PBXBuildFile; fileRef = 14AAD98615CB49FE00CF1424 /* FMCache.m */; };
		14AAD98A15CB49FE00CF1424 /* FMImageView.m in Sources */ = {isa = PBXBuildFile; fileRef = 14AAD98815CB49FE00CF1424 /* FMImageView.m */; };
		14AAD98D15CB4A2800CF1424 /* AppViewController.m in Sources */ = {isa = PBXBuildFile; fileRef = 14AAD98C15CB4A2800CF1424 /* AppViewController.m */; };
		14AAD99015CB4A4400CF1424 /* iTunesService.m in Sources */ = {isa = PBXBuildFile; fileRef = 14AAD98F15CB4A4400CF1424 /* iTunesService.m */; };
		14AAD99215CB4AC900CF1424 /* QuartzCore.framework in Frameworks */ = {isa = PBXBuildFile; fileRef = 14AAD99115CB4AC900CF1424 /* QuartzCore.framework */; };
		14CEFF4315CB4FEE00A4D71A /* AppTableViewCell.m in Sources */ = {isa = PBXBuildFile; fileRef = 14CEFF4215CB4FEE00A4D71A /* AppTableViewCell.m */; };
		14F8891215CC11EB001F45C7 /* FMImageLoader.m in Sources */ = {isa = PBXBuildFile; fileRef = 14F8891115CC11EB001F45C7 /* FMImageLoader.m */; };
/* End PBXBuildFile section */

/* Begin PBXFileReference section */
		143A87FE15CC301400F9D204 /* Default@2x~iphone.png */ = {isa = PBXFileReference; lastKnownFileType = image.png; path = "Default@2x~iphone.png"; sourceTree = "<group>"; };
		143A87FF15CC301400F9D204 /* Default~iphone.png */ = {isa = PBXFileReference; lastKnownFileType = image.png; path = "Default~iphone.png"; sourceTree = "<group>"; };
		143A880015CC301400F9D204 /* Icon@2x~iphone.png */ = {isa = PBXFileReference; lastKnownFileType = image.png; path = "Icon@2x~iphone.png"; sourceTree = "<group>"; };
		143A880115CC301400F9D204 /* Icon~iphone.png */ = {isa = PBXFileReference; lastKnownFileType = image.png; path = "Icon~iphone.png"; sourceTree = "<group>"; };
		14AAD96315CB49EE00CF1424 /* RockSongs.app */ = {isa = PBXFileReference; explicitFileType = wrapper.application; includeInIndex = 0; path = RockSongs.app; sourceTree = BUILT_PRODUCTS_DIR; };
		14AAD96715CB49EE00CF1424 /* UIKit.framework */ = {isa = PBXFileReference; lastKnownFileType = wrapper.framework; name = UIKit.framework; path = System/Library/Frameworks/UIKit.framework; sourceTree = SDKROOT; };
		14AAD96915CB49EE00CF1424 /* Foundation.framework */ = {isa = PBXFileReference; lastKnownFileType = wrapper.framework; name = Foundation.framework; path = System/Library/Frameworks/Foundation.framework; sourceTree = SDKROOT; };
		14AAD96B15CB49EE00CF1424 /* CoreGraphics.framework */ = {isa = PBXFileReference; lastKnownFileType = wrapper.framework; name = CoreGraphics.framework; path = System/Library/Frameworks/CoreGraphics.framework; sourceTree = SDKROOT; };
		14AAD96F15CB49EE00CF1424 /* RockSongs-Info.plist */ = {isa = PBXFileReference; lastKnownFileType = text.plist.xml; path = "RockSongs-Info.plist"; sourceTree = "<group>"; };
		14AAD97115CB49EE00CF1424 /* en */ = {isa = PBXFileReference; lastKnownFileType = text.plist.strings; name = en; path = en.lproj/InfoPlist.strings; sourceTree = "<group>"; };
		14AAD97315CB49EE00CF1424 /* main.m */ = {isa = PBXFileReference; lastKnownFileType = sourcecode.c.objc; path = main.m; sourceTree = "<group>"; };
		14AAD97515CB49EE00CF1424 /* RockSongs-Prefix.pch */ = {isa = PBXFileReference; lastKnownFileType = sourcecode.c.h; path = "RockSongs-Prefix.pch"; sourceTree = "<group>"; };
		14AAD97615CB49EE00CF1424 /* AppDelegate.h */ = {isa = PBXFileReference; lastKnownFileType = sourcecode.c.h; path = AppDelegate.h; sourceTree = "<group>"; };
		14AAD97715CB49EE00CF1424 /* AppDelegate.m */ = {isa = PBXFileReference; lastKnownFileType = sourcecode.c.objc; path = AppDelegate.m; sourceTree = "<group>"; };
		14AAD97A15CB49EE00CF1424 /* en */ = {isa = PBXFileReference; lastKnownFileType = file.storyboard; name = en; path = en.lproj/MainStoryboard.storyboard; sourceTree = "<group>"; };
		14AAD98515CB49FE00CF1424 /* FMCache.h */ = {isa = PBXFileReference; fileEncoding = 4; lastKnownFileType = sourcecode.c.h; path = FMCache.h; sourceTree = "<group>"; };
		14AAD98615CB49FE00CF1424 /* FMCache.m */ = {isa = PBXFileReference; fileEncoding = 4; lastKnownFileType = sourcecode.c.objc; path = FMCache.m; sourceTree = "<group>"; };
		14AAD98715CB49FE00CF1424 /* FMImageView.h */ = {isa = PBXFileReference; fileEncoding = 4; lastKnownFileType = sourcecode.c.h; path = FMImageView.h; sourceTree = "<group>"; };
		14AAD98815CB49FE00CF1424 /* FMImageView.m */ = {isa = PBXFileReference; fileEncoding = 4; lastKnownFileType = sourcecode.c.objc; path = FMImageView.m; sourceTree = "<group>"; };
		14AAD98B15CB4A2800CF1424 /* AppViewController.h */ = {isa = PBXFileReference; fileEncoding = 4; lastKnownFileType = sourcecode.c.h; path = AppViewController.h; sourceTree = "<group>"; };
		14AAD98C15CB4A2800CF1424 /* AppViewController.m */ = {isa = PBXFileReference; fileEncoding = 4; lastKnownFileType = sourcecode.c.objc; path = AppViewController.m; sourceTree = "<group>"; };
		14AAD98E15CB4A4400CF1424 /* iTunesService.h */ = {isa = PBXFileReference; fileEncoding = 4; lastKnownFileType = sourcecode.c.h; path = iTunesService.h; sourceTree = "<group>"; };
		14AAD98F15CB4A4400CF1424 /* iTunesService.m */ = {isa = PBXFileReference; fileEncoding = 4; lastKnownFileType = sourcecode.c.objc; path = iTunesService.m; sourceTree = "<group>"; };
		14AAD99115CB4AC900CF1424 /* QuartzCore.framework */ = {isa = PBXFileReference; lastKnownFileType = wrapper.framework; name = QuartzCore.framework; path = System/Library/Frameworks/QuartzCore.framework; sourceTree = SDKROOT; };
		14CEFF4115CB4FEE00A4D71A /* AppTableViewCell.h */ = {isa = PBXFileReference; fileEncoding = 4; lastKnownFileType = sourcecode.c.h; path = AppTableViewCell.h; sourceTree = "<group>"; };
		14CEFF4215CB4FEE00A4D71A /* AppTableViewCell.m */ = {isa = PBXFileReference; fileEncoding = 4; lastKnownFileType = sourcecode.c.objc; path = AppTableViewCell.m; sourceTree = "<group>"; };
		14F8891015CC11EB001F45C7 /* FMImageLoader.h */ = {isa = PBXFileReference; fileEncoding = 4; lastKnownFileType = sourcecode.c.h; path = FMImageLoader.h; sourceTree = "<group>"; };
		14F8891115CC11EB001F45C7 /* FMImageLoader.m */ = {isa = PBXFileReference; fileEncoding = 4; lastKnownFileType = sourcecode.c.objc; path = FMImageLoader.m; sourceTree = "<group>"; };
/* End PBXFileReference section */

/* Begin PBXFrameworksBuildPhase section */
		14AAD96015CB49EE00CF1424 /* Frameworks */ = {
			isa = PBXFrameworksBuildPhase;
			buildActionMask = 2147483647;
			files = (
				14AAD96815CB49EE00CF1424 /* UIKit.framework in Frameworks */,
				14AAD96A15CB49EE00CF1424 /* Foundation.framework in Frameworks */,
				14AAD96C15CB49EE00CF1424 /* CoreGraphics.framework in Frameworks */,
				14AAD99215CB4AC900CF1424 /* QuartzCore.framework in Frameworks */,
			);
			runOnlyForDeploymentPostprocessing = 0;
		};
/* End PBXFrameworksBuildPhase section */

/* Begin PBXGroup section */
		143A87FD15CC301400F9D204 /* Images */ = {
			isa = PBXGroup;
			children = (
				143A87FE15CC301400F9D204 /* Default@2x~iphone.png */,
				143A87FF15CC301400F9D204 /* Default~iphone.png */,
				143A880015CC301400F9D204 /* Icon@2x~iphone.png */,
				143A880115CC301400F9D204 /* Icon~iphone.png */,
			);
			path = Images;
			sourceTree = "<group>";
		};
		14AAD95815CB49EE00CF1424 = {
			isa = PBXGroup;
			children = (
				14AAD98415CB49FE00CF1424 /* FMCache */,
				14AAD96D15CB49EE00CF1424 /* RockSongs */,
				14AAD96615CB49EE00CF1424 /* Frameworks */,
				14AAD96415CB49EE00CF1424 /* Products */,
			);
			sourceTree = "<group>";
		};
		14AAD96415CB49EE00CF1424 /* Products */ = {
			isa = PBXGroup;
			children = (
				14AAD96315CB49EE00CF1424 /* RockSongs.app */,
			);
			name = Products;
			sourceTree = "<group>";
		};
		14AAD96615CB49EE00CF1424 /* Frameworks */ = {
			isa = PBXGroup;
			children = (
				14AAD99115CB4AC900CF1424 /* QuartzCore.framework */,
				14AAD96715CB49EE00CF1424 /* UIKit.framework */,
				14AAD96915CB49EE00CF1424 /* Foundation.framework */,
				14AAD96B15CB49EE00CF1424 /* CoreGraphics.framework */,
			);
			name = Frameworks;
			sourceTree = "<group>";
		};
		14AAD96D15CB49EE00CF1424 /* RockSongs */ = {
			isa = PBXGroup;
			children = (
				14AAD97615CB49EE00CF1424 /* AppDelegate.h */,
				14AAD97715CB49EE00CF1424 /* AppDelegate.m */,
				14AAD98B15CB4A2800CF1424 /* AppViewController.h */,
				14AAD98C15CB4A2800CF1424 /* AppViewController.m */,
				14CEFF4115CB4FEE00A4D71A /* AppTableViewCell.h */,
				14CEFF4215CB4FEE00A4D71A /* AppTableViewCell.m */,
				14AAD98E15CB4A4400CF1424 /* iTunesService.h */,
				14AAD98F15CB4A4400CF1424 /* iTunesService.m */,
				14AAD97915CB49EE00CF1424 /* MainStoryboard.storyboard */,
				143A87FD15CC301400F9D204 /* Images */,
				14AAD96E15CB49EE00CF1424 /* Supporting Files */,
			);
			path = RockSongs;
			sourceTree = "<group>";
		};
		14AAD96E15CB49EE00CF1424 /* Supporting Files */ = {
			isa = PBXGroup;
			children = (
				14AAD96F15CB49EE00CF1424 /* RockSongs-Info.plist */,
				14AAD97015CB49EE00CF1424 /* InfoPlist.strings */,
				14AAD97315CB49EE00CF1424 /* main.m */,
				14AAD97515CB49EE00CF1424 /* RockSongs-Prefix.pch */,
			);
			name = "Supporting Files";
			sourceTree = "<group>";
		};
		14AAD98415CB49FE00CF1424 /* FMCache */ = {
			isa = PBXGroup;
			children = (
				14AAD98515CB49FE00CF1424 /* FMCache.h */,
				14AAD98615CB49FE00CF1424 /* FMCache.m */,
				14F8891015CC11EB001F45C7 /* FMImageLoader.h */,
				14F8891115CC11EB001F45C7 /* FMImageLoader.m */,
				14AAD98715CB49FE00CF1424 /* FMImageView.h */,
				14AAD98815CB49FE00CF1424 /* FMImageView.m */,
			);
			name = FMCache;
			path = ../FMCache;
			sourceTree = "<group>";
		};
/* End PBXGroup section */

/* Begin PBXNativeTarget section */
		14AAD96215CB49EE00CF1424 /* RockSongs */ = {
			isa = PBXNativeTarget;
			buildConfigurationList = 14AAD98115CB49EE00CF1424 /* Build configuration list for PBXNativeTarget "RockSongs" */;
			buildPhases = (
				14AAD95F15CB49EE00CF1424 /* Sources */,
				14AAD96015CB49EE00CF1424 /* Frameworks */,
				14AAD96115CB49EE00CF1424 /* Resources */,
			);
			buildRules = (
			);
			dependencies = (
			);
			name = RockSongs;
			productName = RockSongs;
			productReference = 14AAD96315CB49EE00CF1424 /* RockSongs.app */;
			productType = "com.apple.product-type.application";
		};
/* End PBXNativeTarget section */

/* Begin PBXProject section */
		14AAD95A15CB49EE00CF1424 /* Project object */ = {
			isa = PBXProject;
			attributes = {
				LastUpgradeCheck = 0440;
				ORGANIZATIONNAME = "Flubber Media Ltd";
			};
			buildConfigurationList = 14AAD95D15CB49EE00CF1424 /* Build configuration list for PBXProject "RockSongs" */;
			compatibilityVersion = "Xcode 3.2";
			developmentRegion = English;
			hasScannedForEncodings = 0;
			knownRegions = (
				en,
			);
			mainGroup = 14AAD95815CB49EE00CF1424;
			productRefGroup = 14AAD96415CB49EE00CF1424 /* Products */;
			projectDirPath = "";
			projectRoot = "";
			targets = (
				14AAD96215CB49EE00CF1424 /* RockSongs */,
			);
		};
/* End PBXProject section */

/* Begin PBXResourcesBuildPhase section */
		14AAD96115CB49EE00CF1424 /* Resources */ = {
			isa = PBXResourcesBuildPhase;
			buildActionMask = 2147483647;
			files = (
				14AAD97215CB49EE00CF1424 /* InfoPlist.strings in Resources */,
				14AAD97B15CB49EE00CF1424 /* MainStoryboard.storyboard in Resources */,
				143A880215CC301400F9D204 /* Default@2x~iphone.png in Resources */,
				143A880315CC301400F9D204 /* Default~iphone.png in Resources */,
				143A880415CC301400F9D204 /* Icon@2x~iphone.png in Resources */,
				143A880515CC301400F9D204 /* Icon~iphone.png in Resources */,
			);
			runOnlyForDeploymentPostprocessing = 0;
		};
/* End PBXResourcesBuildPhase section */

/* Begin PBXSourcesBuildPhase section */
		14AAD95F15CB49EE00CF1424 /* Sources */ = {
			isa = PBXSourcesBuildPhase;
			buildActionMask = 2147483647;
			files = (
				14AAD97415CB49EE00CF1424 /* main.m in Sources */,
				14AAD97815CB49EE00CF1424 /* AppDelegate.m in Sources */,
				14AAD98915CB49FE00CF1424 /* FMCache.m in Sources */,
				14AAD98A15CB49FE00CF1424 /* FMImageView.m in Sources */,
				14AAD98D15CB4A2800CF1424 /* AppViewController.m in Sources */,
				14AAD99015CB4A4400CF1424 /* iTunesService.m in Sources */,
				14CEFF4315CB4FEE00A4D71A /* AppTableViewCell.m in Sources */,
				14F8891215CC11EB001F45C7 /* FMImageLoader.m in Sources */,
			);
			runOnlyForDeploymentPostprocessing = 0;
		};
/* End PBXSourcesBuildPhase section */

/* Begin PBXVariantGroup section */
		14AAD97015CB49EE00CF1424 /* InfoPlist.strings */ = {
			isa = PBXVariantGroup;
			children = (
				14AAD97115CB49EE00CF1424 /* en */,
			);
			name = InfoPlist.strings;
			sourceTree = "<group>";
		};
		14AAD97915CB49EE00CF1424 /* MainStoryboard.storyboard */ = {
			isa = PBXVariantGroup;
			children = (
				14AAD97A15CB49EE00CF1424 /* en */,
			);
			name = MainStoryboard.storyboard;
			sourceTree = "<group>";
		};
/* End PBXVariantGroup section */

/* Begin XCBuildConfiguration section */
		14AAD97F15CB49EE00CF1424 /* Debug */ = {
			isa = XCBuildConfiguration;
			buildSettings = {
				ALWAYS_SEARCH_USER_PATHS = NO;
				ARCHS = "$(ARCHS_STANDARD_32_BIT)";
				CLANG_CXX_LANGUAGE_STANDARD = "gnu++0x";
				CLANG_ENABLE_OBJC_ARC = YES;
				CLANG_WARN__DUPLICATE_METHOD_MATCH = YES;
				"CODE_SIGN_IDENTITY[sdk=iphoneos*]" = "iPhone Developer";
				COPY_PHASE_STRIP = NO;
				GCC_C_LANGUAGE_STANDARD = gnu99;
				GCC_DYNAMIC_NO_PIC = NO;
				GCC_OPTIMIZATION_LEVEL = 0;
				GCC_PREPROCESSOR_DEFINITIONS = (
					"DEBUG=1",
					"$(inherited)",
				);
				GCC_SYMBOLS_PRIVATE_EXTERN = NO;
				GCC_VERSION = com.apple.compilers.llvm.clang.1_0;
				GCC_WARN_ABOUT_RETURN_TYPE = YES;
				GCC_WARN_UNINITIALIZED_AUTOS = YES;
				GCC_WARN_UNUSED_VARIABLE = YES;
				IPHONEOS_DEPLOYMENT_TARGET = 5.1;
				SDKROOT = iphoneos;
			};
			name = Debug;
		};
		14AAD98015CB49EE00CF1424 /* Release */ = {
			isa = XCBuildConfiguration;
			buildSettings = {
				ALWAYS_SEARCH_USER_PATHS = NO;
				ARCHS = "$(ARCHS_STANDARD_32_BIT)";
				CLANG_CXX_LANGUAGE_STANDARD = "gnu++0x";
				CLANG_ENABLE_OBJC_ARC = YES;
				CLANG_WARN__DUPLICATE_METHOD_MATCH = YES;
				"CODE_SIGN_IDENTITY[sdk=iphoneos*]" = "iPhone Developer";
				COPY_PHASE_STRIP = YES;
				GCC_C_LANGUAGE_STANDARD = gnu99;
				GCC_VERSION = com.apple.compilers.llvm.clang.1_0;
				GCC_WARN_ABOUT_RETURN_TYPE = YES;
				GCC_WARN_UNINITIALIZED_AUTOS = YES;
				GCC_WARN_UNUSED_VARIABLE = YES;
				IPHONEOS_DEPLOYMENT_TARGET = 5.1;
				OTHER_CFLAGS = "-DNS_BLOCK_ASSERTIONS=1";
				SDKROOT = iphoneos;
				VALIDATE_PRODUCT = YES;
			};
			name = Release;
		};
		14AAD98215CB49EE00CF1424 /* Debug */ = {
			isa = XCBuildConfiguration;
			buildSettings = {
				GCC_PRECOMPILE_PREFIX_HEADER = YES;
				GCC_PREFIX_HEADER = "RockSongs/RockSongs-Prefix.pch";
				INFOPLIST_FILE = "RockSongs/RockSongs-Info.plist";
				IPHONEOS_DEPLOYMENT_TARGET = 5.0;
				PRODUCT_NAME = "$(TARGET_NAME)";
				WRAPPER_EXTENSION = app;
			};
			name = Debug;
		};
		14AAD98315CB49EE00CF1424 /* Release */ = {
			isa = XCBuildConfiguration;
			buildSettings = {
				GCC_PRECOMPILE_PREFIX_HEADER = YES;
				GCC_PREFIX_HEADER = "RockSongs/RockSongs-Prefix.pch";
				INFOPLIST_FILE = "RockSongs/RockSongs-Info.plist";
				IPHONEOS_DEPLOYMENT_TARGET = 5.0;
				PRODUCT_NAME = "$(TARGET_NAME)";
				WRAPPER_EXTENSION = app;
			};
			name = Release;
		};
/* End XCBuildConfiguration section */

/* Begin XCConfigurationList section */
		14AAD95D15CB49EE00CF1424 /* Build configuration list for PBXProject "RockSongs" */ = {
			isa = XCConfigurationList;
			buildConfigurations = (
				14AAD97F15CB49EE00CF1424 /* Debug */,
				14AAD98015CB49EE00CF1424 /* Release */,
			);
			defaultConfigurationIsVisible = 0;
			defaultConfigurationName = Release;
		};
		14AAD98115CB49EE00CF1424 /* Build configuration list for PBXNativeTarget "RockSongs" */ = {
			isa = XCConfigurationList;
			buildConfigurations = (
				14AAD98215CB49EE00CF1424 /* Debug */,
				14AAD98315CB49EE00CF1424 /* Release */,
			);
			defaultConfigurationIsVisible = 0;
			defaultConfigurationName = Release;
		};
/* End XCConfigurationList section */
	};
	rootObject = 14AAD95A15CB49EE00CF1424 /* Project object */;
}
